
Microsoft Visual Studio Solution File, Format Version 12.00
# Visual Studio Version 17
VisualStudioVersion = 17.1.32319.34
MinimumVisualStudioVersion = 10.0.40219.1
Project("{FAE04EC0-301F-11D3-BF4B-00C04F79EFBC}") = "2两数相加", "2两数相加\2两数相加.csproj", "{FAE9D8C5-BC51-47FA-83BB-11F56B3A343F}"
EndProject
Project("{FAE04EC0-301F-11D3-BF4B-00C04F79EFBC}") = "7整数反转", "7整数反转\7整数反转.csproj", "{B3CAC69F-BC4E-4272-A54C-4AEA0E4CA15E}"
EndProject
Project("{FAE04EC0-301F-11D3-BF4B-00C04F79EFBC}") = "1两数之和", "1两数之和\1两数之和.csproj", "{2D473DF9-80F8-4A9D-AB72-CEDA73F844E0}"
EndProject
Project("{8BC9CEB8-8B4A-11D0-8D11-00A0C91BC942}") = "数组", "数组\数组.vcxproj", "{C2293892-2F11-43FA-A513-ADB72C0E7F73}"
EndProject
Project("{8BC9CEB8-8B4A-11D0-8D11-00A0C91BC942}") = "链表", "链表\链表.vcxproj", "{D1E8A19E-5F94-4FF9-87AC-8C8C45DDA5EF}"
EndProject
Project("{8BC9CEB8-8B4A-11D0-8D11-00A0C91BC942}") = "哈希表", "哈希表\哈希表.vcxproj", "{03C3FABD-23B4-48C5-A446-BA40D64C4916}"
EndProject
Global
	GlobalSection(SolutionConfigurationPlatforms) = preSolution
		Debug|Any CPU = Debug|Any CPU
		Debug|x64 = Debug|x64
		Debug|x86 = Debug|x86
		Release|Any CPU = Release|Any CPU
		Release|x64 = Release|x64
		Release|x86 = Release|x86
	EndGlobalSection
	GlobalSection(ProjectConfigurationPlatforms) = postSolution
		{FAE9D8C5-BC51-47FA-83BB-11F56B3A343F}.Debug|Any CPU.ActiveCfg = Debug|Any CPU
		{FAE9D8C5-BC51-47FA-83BB-11F56B3A343F}.Debug|Any CPU.Build.0 = Debug|Any CPU
		{FAE9D8C5-BC51-47FA-83BB-11F56B3A343F}.Debug|x64.ActiveCfg = Debug|Any CPU
		{FAE9D8C5-BC51-47FA-83BB-11F56B3A343F}.Debug|x64.Build.0 = Debug|Any CPU
		{FAE9D8C5-BC51-47FA-83BB-11F56B3A343F}.Debug|x86.ActiveCfg = Debug|Any CPU
		{FAE9D8C5-BC51-47FA-83BB-11F56B3A343F}.Debug|x86.Build.0 = Debug|Any CPU
		{FAE9D8C5-BC51-47FA-83BB-11F56B3A343F}.Release|Any CPU.ActiveCfg = Release|Any CPU
		{FAE9D8C5-BC51-47FA-83BB-11F56B3A343F}.Release|Any CPU.Build.0 = Release|Any CPU
		{FAE9D8C5-BC51-47FA-83BB-11F56B3A343F}.Release|x64.ActiveCfg = Release|Any CPU
		{FAE9D8C5-BC51-47FA-83BB-11F56B3A343F}.Release|x64.Build.0 = Release|Any CPU
		{FAE9D8C5-BC51-47FA-83BB-11F56B3A343F}.Release|x86.ActiveCfg = Release|Any CPU
		{FAE9D8C5-BC51-47FA-83BB-11F56B3A343F}.Release|x86.Build.0 = Release|Any CPU
		{B3CAC69F-BC4E-4272-A54C-4AEA0E4CA15E}.Debug|Any CPU.ActiveCfg = Debug|Any CPU
		{B3CAC69F-BC4E-4272-A54C-4AEA0E4CA15E}.Debug|Any CPU.Build.0 = Debug|Any CPU
		{B3CAC69F-BC4E-4272-A54C-4AEA0E4CA15E}.Debug|x64.ActiveCfg = Debug|Any CPU
		{B3CAC69F-BC4E-4272-A54C-4AEA0E4CA15E}.Debug|x64.Build.0 = Debug|Any CPU
		{B3CAC69F-BC4E-4272-A54C-4AEA0E4CA15E}.Debug|x86.ActiveCfg = Debug|Any CPU
		{B3CAC69F-BC4E-4272-A54C-4AEA0E4CA15E}.Debug|x86.Build.0 = Debug|Any CPU
		{B3CAC69F-BC4E-4272-A54C-4AEA0E4CA15E}.Release|Any CPU.ActiveCfg = Release|Any CPU
		{B3CAC69F-BC4E-4272-A54C-4AEA0E4CA15E}.Release|Any CPU.Build.0 = Release|Any CPU
		{B3CAC69F-BC4E-4272-A54C-4AEA0E4CA15E}.Release|x64.ActiveCfg = Release|Any CPU
		{B3CAC69F-BC4E-4272-A54C-4AEA0E4CA15E}.Release|x64.Build.0 = Release|Any CPU
		{B3CAC69F-BC4E-4272-A54C-4AEA0E4CA15E}.Release|x86.ActiveCfg = Release|Any CPU
		{B3CAC69F-BC4E-4272-A54C-4AEA0E4CA15E}.Release|x86.Build.0 = Release|Any CPU
		{2D473DF9-80F8-4A9D-AB72-CEDA73F844E0}.Debug|Any CPU.ActiveCfg = Debug|Any CPU
		{2D473DF9-80F8-4A9D-AB72-CEDA73F844E0}.Debug|Any CPU.Build.0 = Debug|Any CPU
		{2D473DF9-80F8-4A9D-AB72-CEDA73F844E0}.Debug|x64.ActiveCfg = Debug|Any CPU
		{2D473DF9-80F8-4A9D-AB72-CEDA73F844E0}.Debug|x64.Build.0 = Debug|Any CPU
		{2D473DF9-80F8-4A9D-AB72-CEDA73F844E0}.Debug|x86.ActiveCfg = Debug|Any CPU
		{2D473DF9-80F8-4A9D-AB72-CEDA73F844E0}.Debug|x86.Build.0 = Debug|Any CPU
		{2D473DF9-80F8-4A9D-AB72-CEDA73F844E0}.Release|Any CPU.ActiveCfg = Release|Any CPU
		{2D473DF9-80F8-4A9D-AB72-CEDA73F844E0}.Release|Any CPU.Build.0 = Release|Any CPU
		{2D473DF9-80F8-4A9D-AB72-CEDA73F844E0}.Release|x64.ActiveCfg = Release|Any CPU
		{2D473DF9-80F8-4A9D-AB72-CEDA73F844E0}.Release|x64.Build.0 = Release|Any CPU
		{2D473DF9-80F8-4A9D-AB72-CEDA73F844E0}.Release|x86.ActiveCfg = Release|Any CPU
		{2D473DF9-80F8-4A9D-AB72-CEDA73F844E0}.Release|x86.Build.0 = Release|Any CPU
		{C2293892-2F11-43FA-A513-ADB72C0E7F73}.Debug|Any CPU.ActiveCfg = Debug|x64
		{C2293892-2F11-43FA-A513-ADB72C0E7F73}.Debug|Any CPU.Build.0 = Debug|x64
		{C2293892-2F11-43FA-A513-ADB72C0E7F73}.Debug|x64.ActiveCfg = Debug|x64
		{C2293892-2F11-43FA-A513-ADB72C0E7F73}.Debug|x64.Build.0 = Debug|x64
		{C2293892-2F11-43FA-A513-ADB72C0E7F73}.Debug|x86.ActiveCfg = Debug|Win32
		{C2293892-2F11-43FA-A513-ADB72C0E7F73}.Debug|x86.Build.0 = Debug|Win32
		{C2293892-2F11-43FA-A513-ADB72C0E7F73}.Release|Any CPU.ActiveCfg = Release|x64
		{C2293892-2F11-43FA-A513-ADB72C0E7F73}.Release|Any CPU.Build.0 = Release|x64
		{C2293892-2F11-43FA-A513-ADB72C0E7F73}.Release|x64.ActiveCfg = Release|x64
		{C2293892-2F11-43FA-A513-ADB72C0E7F73}.Release|x64.Build.0 = Release|x64
		{C2293892-2F11-43FA-A513-ADB72C0E7F73}.Release|x86.ActiveCfg = Release|Win32
		{C2293892-2F11-43FA-A513-ADB72C0E7F73}.Release|x86.Build.0 = Release|Win32
		{D1E8A19E-5F94-4FF9-87AC-8C8C45DDA5EF}.Debug|Any CPU.ActiveCfg = Debug|x64
		{D1E8A19E-5F94-4FF9-87AC-8C8C45DDA5EF}.Debug|Any CPU.Build.0 = Debug|x64
		{D1E8A19E-5F94-4FF9-87AC-8C8C45DDA5EF}.Debug|x64.ActiveCfg = Debug|x64
		{D1E8A19E-5F94-4FF9-87AC-8C8C45DDA5EF}.Debug|x64.Build.0 = Debug|x64
		{D1E8A19E-5F94-4FF9-87AC-8C8C45DDA5EF}.Debug|x86.ActiveCfg = Debug|Win32
		{D1E8A19E-5F94-4FF9-87AC-8C8C45DDA5EF}.Debug|x86.Build.0 = Debug|Win32
		{D1E8A19E-5F94-4FF9-87AC-8C8C45DDA5EF}.Release|Any CPU.ActiveCfg = Release|x64
		{D1E8A19E-5F94-4FF9-87AC-8C8C45DDA5EF}.Release|Any CPU.Build.0 = Release|x64
		{D1E8A19E-5F94-4FF9-87AC-8C8C45DDA5EF}.Release|x64.ActiveCfg = Release|x64
		{D1E8A19E-5F94-4FF9-87AC-8C8C45DDA5EF}.Release|x64.Build.0 = Release|x64
		{D1E8A19E-5F94-4FF9-87AC-8C8C45DDA5EF}.Release|x86.ActiveCfg = Release|Win32
		{D1E8A19E-5F94-4FF9-87AC-8C8C45DDA5EF}.Release|x86.Build.0 = Release|Win32
		{03C3FABD-23B4-48C5-A446-BA40D64C4916}.Debug|Any CPU.ActiveCfg = Debug|x64
		{03C3FABD-23B4-48C5-A446-BA40D64C4916}.Debug|Any CPU.Build.0 = Debug|x64
		{03C3FABD-23B4-48C5-A446-BA40D64C4916}.Debug|x64.ActiveCfg = Debug|x64
		{03C3FABD-23B4-48C5-A446-BA40D64C4916}.Debug|x64.Build.0 = Debug|x64
		{03C3FABD-23B4-48C5-A446-BA40D64C4916}.Debug|x86.ActiveCfg = Debug|Win32
		{03C3FABD-23B4-48C5-A446-BA40D64C4916}.Debug|x86.Build.0 = Debug|Win32
		{03C3FABD-23B4-48C5-A446-BA40D64C4916}.Release|Any CPU.ActiveCfg = Release|x64
		{03C3FABD-23B4-48C5-A446-BA40D64C4916}.Release|Any CPU.Build.0 = Release|x64
		{03C3FABD-23B4-48C5-A446-BA40D64C4916}.Release|x64.ActiveCfg = Release|x64
		{03C3FABD-23B4-48C5-A446-BA40D64C4916}.Release|x64.Build.0 = Release|x64
		{03C3FABD-23B4-48C5-A446-BA40D64C4916}.Release|x86.ActiveCfg = Release|Win32
		{03C3FABD-23B4-48C5-A446-BA40D64C4916}.Release|x86.Build.0 = Release|Win32
	EndGlobalSection
	GlobalSection(SolutionProperties) = preSolution
		HideSolutionNode = FALSE
	EndGlobalSection
	GlobalSection(ExtensibilityGlobals) = postSolution
		SolutionGuid = {A0D3A97B-5490-4511-AF3E-F28586C4964B}
	EndGlobalSection
EndGlobal
